
Microsoft Visual Studio Solution File, Format Version 12.00
# Visual Studio Version 17
VisualStudioVersion = 17.8.34330.188
MinimumVisualStudioVersion = 10.0.40219.1
Project("{FAE04EC0-301F-11D3-BF4B-00C04F79EFBC}") = "WorkoutApi", "WorkoutApi\WorkoutApi.csproj", "{72907AB4-0532-4A40-B2E3-4207C9FA580D}"
EndProject
Global
	GlobalSection(SolutionConfigurationPlatforms) = preSolution
		Debug|Any CPU = Debug|Any CPU
		Release|Any CPU = Release|Any CPU
	EndGlobalSection
	GlobalSection(ProjectConfigurationPlatforms) = postSolution
		{72907AB4-0532-4A40-B2E3-4207C9FA580D}.Debug|Any CPU.ActiveCfg = Debug|Any CPU
		{72907AB4-0532-4A40-B2E3-4207C9FA580D}.Debug|Any CPU.Build.0 = Debug|Any CPU
		{72907AB4-0532-4A40-B2E3-4207C9FA580D}.Release|Any CPU.ActiveCfg = Release|Any CPU
		{72907AB4-0532-4A40-B2E3-4207C9FA580D}.Release|Any CPU.Build.0 = Release|Any CPU
	EndGlobalSection
	GlobalSection(SolutionProperties) = preSolution
		HideSolutionNode = FALSE
	EndGlobalSection
	GlobalSection(ExtensibilityGlobals) = postSolution
		SolutionGuid = {2BFA17F7-1E78-411A-9E79-3178D7EF0D42}
	EndGlobalSection
EndGlobal
